// !$*UTF8*$!
{
	archiveVersion = 1;
	classes = {
	};
	objectVersion = 46;
	objects = {

/* Begin PBXBuildFile section */
		65537DE91BC5BFAC00362F8C /* main.m in Sources */ = {isa = PBXBuildFile; fileRef = 65537DE81BC5BFAC00362F8C /* main.m */; };
		65537DEC1BC5BFAC00362F8C /* AppDelegate.m in Sources */ = {isa = PBXBuildFile; fileRef = 65537DEB1BC5BFAC00362F8C /* AppDelegate.m */; };
		65537DEF1BC5BFAC00362F8C /* ViewController.m in Sources */ = {isa = PBXBuildFile; fileRef = 65537DEE1BC5BFAC00362F8C /* ViewController.m */; };
		65537DF21BC5BFAC00362F8C /* Main.storyboard in Resources */ = {isa = PBXBuildFile; fileRef = 65537DF01BC5BFAC00362F8C /* Main.storyboard */; };
		65537DF41BC5BFAC00362F8C /* Assets.xcassets in Resources */ = {isa = PBXBuildFile; fileRef = 65537DF31BC5BFAC00362F8C /* Assets.xcassets */; };
		65537DF71BC5BFAC00362F8C /* LaunchScreen.storyboard in Resources */ = {isa = PBXBuildFile; fileRef = 65537DF51BC5BFAC00362F8C /* LaunchScreen.storyboard */; };
		65537E021BC5BFAC00362F8C /* PhotoCollectionTests.m in Sources */ = {isa = PBXBuildFile; fileRef = 65537E011BC5BFAC00362F8C /* PhotoCollectionTests.m */; };
		65537E0D1BC5BFAC00362F8C /* PhotoCollectionUITests.m in Sources */ = {isa = PBXBuildFile; fileRef = 65537E0C1BC5BFAC00362F8C /* PhotoCollectionUITests.m */; };
/* End PBXBuildFile section */

/* Begin PBXContainerItemProxy section */
		65537DFE1BC5BFAC00362F8C /* PBXContainerItemProxy */ = {
			isa = PBXContainerItemProxy;
			containerPortal = 65537DDC1BC5BFAB00362F8C /* Project object */;
			proxyType = 1;
			remoteGlobalIDString = 65537DE31BC5BFAB00362F8C;
			remoteInfo = PhotoCollection;
		};
		65537E091BC5BFAC00362F8C /* PBXContainerItemProxy */ = {
			isa = PBXContainerItemProxy;
			containerPortal = 65537DDC1BC5BFAB00362F8C /* Project object */;
			proxyType = 1;
			remoteGlobalIDString = 65537DE31BC5BFAB00362F8C;
			remoteInfo = PhotoCollection;
		};
/* End PBXContainerItemProxy section */

/* Begin PBXFileReference section */
		65537DE41BC5BFAC00362F8C /* PhotoCollection.app */ = {isa = PBXFileReference; explicitFileType = wrapper.application; includeInIndex = 0; path = PhotoCollection.app; sourceTree = BUILT_PRODUCTS_DIR; };
		65537DE81BC5BFAC00362F8C /* main.m */ = {isa = PBXFileReference; lastKnownFileType = sourcecode.c.objc; path = main.m; sourceTree = "<group>"; };
		65537DEA1BC5BFAC00362F8C /* AppDelegate.h */ = {isa = PBXFileReference; lastKnownFileType = sourcecode.c.h; path = AppDelegate.h; sourceTree = "<group>"; };
		65537DEB1BC5BFAC00362F8C /* AppDelegate.m */ = {isa = PBXFileReference; lastKnownFileType = sourcecode.c.objc; path = AppDelegate.m; sourceTree = "<group>"; };
		65537DED1BC5BFAC00362F8C /* ViewController.h */ = {isa = PBXFileReference; lastKnownFileType = sourcecode.c.h; path = ViewController.h; sourceTree = "<group>"; };
		65537DEE1BC5BFAC00362F8C /* ViewController.m */ = {isa = PBXFileReference; lastKnownFileType = sourcecode.c.objc; path = ViewController.m; sourceTree = "<group>"; };
		65537DF11BC5BFAC00362F8C /* Base */ = {isa = PBXFileReference; lastKnownFileType = file.storyboard; name = Base; path = Base.lproj/Main.storyboard; sourceTree = "<group>"; };
		65537DF31BC5BFAC00362F8C /* Assets.xcassets */ = {isa = PBXFileReference; lastKnownFileType = folder.assetcatalog; path = Assets.xcassets; sourceTree = "<group>"; };
		65537DF61BC5BFAC00362F8C /* Base */ = {isa = PBXFileReference; lastKnownFileType = file.storyboard; name = Base; path = Base.lproj/LaunchScreen.storyboard; sourceTree = "<group>"; };
		65537DF81BC5BFAC00362F8C /* Info.plist */ = {isa = PBXFileReference; lastKnownFileType = text.plist.xml; path = Info.plist; sourceTree = "<group>"; };
		65537DFD1BC5BFAC00362F8C /* PhotoCollectionTests.xctest */ = {isa = PBXFileReference; explicitFileType = wrapper.cfbundle; includeInIndex = 0; path = PhotoCollectionTests.xctest; sourceTree = BUILT_PRODUCTS_DIR; };
		65537E011BC5BFAC00362F8C /* PhotoCollectionTests.m */ = {isa = PBXFileReference; lastKnownFileType = sourcecode.c.objc; path = PhotoCollectionTests.m; sourceTree = "<group>"; };
		65537E031BC5BFAC00362F8C /* Info.plist */ = {isa = PBXFileReference; lastKnownFileType = text.plist.xml; path = Info.plist; sourceTree = "<group>"; };
		65537E081BC5BFAC00362F8C /* PhotoCollectionUITests.xctest */ = {isa = PBXFileReference; explicitFileType = wrapper.cfbundle; includeInIndex = 0; path = PhotoCollectionUITests.xctest; sourceTree = BUILT_PRODUCTS_DIR; };
		65537E0C1BC5BFAC00362F8C /* PhotoCollectionUITests.m */ = {isa = PBXFileReference; lastKnownFileType = sourcecode.c.objc; path = PhotoCollectionUITests.m; sourceTree = "<group>"; };
		65537E0E1BC5BFAC00362F8C /* Info.plist */ = {isa = PBXFileReference; lastKnownFileType = text.plist.xml; path = Info.plist; sourceTree = "<group>"; };
/* End PBXFileReference section */

/* Begin PBXFrameworksBuildPhase section */
		65537DE11BC5BFAB00362F8C /* Frameworks */ = {
			isa = PBXFrameworksBuildPhase;
			buildActionMask = 2147483647;
			files = (
			);
			runOnlyForDeploymentPostprocessing = 0;
		};
		65537DFA1BC5BFAC00362F8C /* Frameworks */ = {
			isa = PBXFrameworksBuildPhase;
			buildActionMask = 2147483647;
			files = (
			);
			runOnlyForDeploymentPostprocessing = 0;
		};
		65537E051BC5BFAC00362F8C /* Frameworks */ = {
			isa = PBXFrameworksBuildPhase;
			buildActionMask = 2147483647;
			files = (
			);
			runOnlyForDeploymentPostprocessing = 0;
		};
/* End PBXFrameworksBuildPhase section */

/* Begin PBXGroup section */
		65537DDB1BC5BFAB00362F8C = {
			isa = PBXGroup;
			children = (
				65537DE61BC5BFAC00362F8C /* PhotoCollection */,
				65537E001BC5BFAC00362F8C /* PhotoCollectionTests */,
				65537E0B1BC5BFAC00362F8C /* PhotoCollectionUITests */,
				65537DE51BC5BFAC00362F8C /* Products */,
			);
			sourceTree = "<group>";
		};
		65537DE51BC5BFAC00362F8C /* Products */ = {
			isa = PBXGroup;
			children = (
				65537DE41BC5BFAC00362F8C /* PhotoCollection.app */,
				65537DFD1BC5BFAC00362F8C /* PhotoCollectionTests.xctest */,
				65537E081BC5BFAC00362F8C /* PhotoCollectionUITests.xctest */,
			);
			name = Products;
			sourceTree = "<group>";
		};
		65537DE61BC5BFAC00362F8C /* PhotoCollection */ = {
			isa = PBXGroup;
			children = (
				65537DEA1BC5BFAC00362F8C /* AppDelegate.h */,
				65537DEB1BC5BFAC00362F8C /* AppDelegate.m */,
				65537DED1BC5BFAC00362F8C /* ViewController.h */,
				65537DEE1BC5BFAC00362F8C /* ViewController.m */,
				65537DF01BC5BFAC00362F8C /* Main.storyboard */,
				65537DF31BC5BFAC00362F8C /* Assets.xcassets */,
				65537DF51BC5BFAC00362F8C /* LaunchScreen.storyboard */,
				65537DF81BC5BFAC00362F8C /* Info.plist */,
				65537DE71BC5BFAC00362F8C /* Supporting Files */,
			);
			path = PhotoCollection;
			sourceTree = "<group>";
		};
		65537DE71BC5BFAC00362F8C /* Supporting Files */ = {
			isa = PBXGroup;
			children = (
				65537DE81BC5BFAC00362F8C /* main.m */,
			);
			name = "Supporting Files";
			sourceTree = "<group>";
		};
		65537E001BC5BFAC00362F8C /* PhotoCollectionTests */ = {
			isa = PBXGroup;
			children = (
				65537E011BC5BFAC00362F8C /* PhotoCollectionTests.m */,
				65537E031BC5BFAC00362F8C /* Info.plist */,
			);
			path = PhotoCollectionTests;
			sourceTree = "<group>";
		};
		65537E0B1BC5BFAC00362F8C /* PhotoCollectionUITests */ = {
			isa = PBXGroup;
			children = (
				65537E0C1BC5BFAC00362F8C /* PhotoCollectionUITests.m */,
				65537E0E1BC5BFAC00362F8C /* Info.plist */,
			);
			path = PhotoCollectionUITests;
			sourceTree = "<group>";
		};
/* End PBXGroup section */

/* Begin PBXNativeTarget section */
		65537DE31BC5BFAB00362F8C /* PhotoCollection */ = {
			isa = PBXNativeTarget;
			buildConfigurationList = 65537E111BC5BFAC00362F8C /* Build configuration list for PBXNativeTarget "PhotoCollection" */;
			buildPhases = (
				65537DE01BC5BFAB00362F8C /* Sources */,
				65537DE11BC5BFAB00362F8C /* Frameworks */,
				65537DE21BC5BFAB00362F8C /* Resources */,
			);
			buildRules = (
			);
			dependencies = (
			);
			name = PhotoCollection;
			productName = PhotoCollection;
			productReference = 65537DE41BC5BFAC00362F8C /* PhotoCollection.app */;
			productType = "com.apple.product-type.application";
		};
		65537DFC1BC5BFAC00362F8C /* PhotoCollectionTests */ = {
			isa = PBXNativeTarget;
			buildConfigurationList = 65537E141BC5BFAC00362F8C /* Build configuration list for PBXNativeTarget "PhotoCollectionTests" */;
			buildPhases = (
				65537DF91BC5BFAC00362F8C /* Sources */,
				65537DFA1BC5BFAC00362F8C /* Frameworks */,
				65537DFB1BC5BFAC00362F8C /* Resources */,
			);
			buildRules = (
			);
			dependencies = (
				65537DFF1BC5BFAC00362F8C /* PBXTargetDependency */,
			);
			name = PhotoCollectionTests;
			productName = PhotoCollectionTests;
			productReference = 65537DFD1BC5BFAC00362F8C /* PhotoCollectionTests.xctest */;
			productType = "com.apple.product-type.bundle.unit-test";
		};
		65537E071BC5BFAC00362F8C /* PhotoCollectionUITests */ = {
			isa = PBXNativeTarget;
			buildConfigurationList = 65537E171BC5BFAC00362F8C /* Build configuration list for PBXNativeTarget "PhotoCollectionUITests" */;
			buildPhases = (
				65537E041BC5BFAC00362F8C /* Sources */,
				65537E051BC5BFAC00362F8C /* Frameworks */,
				65537E061BC5BFAC00362F8C /* Resources */,
			);
			buildRules = (
			);
			dependencies = (
				65537E0A1BC5BFAC00362F8C /* PBXTargetDependency */,
			);
			name = PhotoCollectionUITests;
			productName = PhotoCollectionUITests;
			productReference = 65537E081BC5BFAC00362F8C /* PhotoCollectionUITests.xctest */;
			productType = "com.apple.product-type.bundle.ui-testing";
		};
/* End PBXNativeTarget section */

/* Begin PBXProject section */
		65537DDC1BC5BFAB00362F8C /* Project object */ = {
			isa = PBXProject;
			attributes = {
				LastUpgradeCheck = 0700;
				ORGANIZATIONNAME = "Lin Wei";
				TargetAttributes = {
					65537DE31BC5BFAB00362F8C = {
						CreatedOnToolsVersion = 7.0.1;
					};
					65537DFC1BC5BFAC00362F8C = {
						CreatedOnToolsVersion = 7.0.1;
						TestTargetID = 65537DE31BC5BFAB00362F8C;
					};
					65537E071BC5BFAC00362F8C = {
						CreatedOnToolsVersion = 7.0.1;
						TestTargetID = 65537DE31BC5BFAB00362F8C;
					};
				};
			};
			buildConfigurationList = 65537DDF1BC5BFAB00362F8C /* Build configuration list for PBXProject "PhotoCollection" */;
			compatibilityVersion = "Xcode 3.2";
			developmentRegion = English;
			hasScannedForEncodings = 0;
			knownRegions = (
				en,
				Base,
			);
			mainGroup = 65537DDB1BC5BFAB00362F8C;
			productRefGroup = 65537DE51BC5BFAC00362F8C /* Products */;
			projectDirPath = "";
			projectRoot = "";
			targets = (
				65537DE31BC5BFAB00362F8C /* PhotoCollection */,
				65537DFC1BC5BFAC00362F8C /* PhotoCollectionTests */,
				65537E071BC5BFAC00362F8C /* PhotoCollectionUITests */,
			);
		};
/* End PBXProject section */

/* Begin PBXResourcesBuildPhase section */
		65537DE21BC5BFAB00362F8C /* Resources */ = {
			isa = PBXResourcesBuildPhase;
			buildActionMask = 2147483647;
			files = (
				65537DF71BC5BFAC00362F8C /* LaunchScreen.storyboard in Resources */,
				65537DF41BC5BFAC00362F8C /* Assets.xcassets in Resources */,
				65537DF21BC5BFAC00362F8C /* Main.storyboard in Resources */,
			);
			runOnlyForDeploymentPostprocessing = 0;
		};
		65537DFB1BC5BFAC00362F8C /* Resources */ = {
			isa = PBXResourcesBuildPhase;
			buildActionMask = 2147483647;
			files = (
			);
			runOnlyForDeploymentPostprocessing = 0;
		};
		65537E061BC5BFAC00362F8C /* Resources */ = {
			isa = PBXResourcesBuildPhase;
			buildActionMask = 2147483647;
			files = (
			);
			runOnlyForDeploymentPostprocessing = 0;
		};
/* End PBXResourcesBuildPhase section */

/* Begin PBXSourcesBuildPhase section */
		65537DE01BC5BFAB00362F8C /* Sources */ = {
			isa = PBXSourcesBuildPhase;
			buildActionMask = 2147483647;
			files = (
				65537DEF1BC5BFAC00362F8C /* ViewController.m in Sources */,
				65537DEC1BC5BFAC00362F8C /* AppDelegate.m in Sources */,
				65537DE91BC5BFAC00362F8C /* main.m in Sources */,
			);
			runOnlyForDeploymentPostprocessing = 0;
		};
		65537DF91BC5BFAC00362F8C /* Sources */ = {
			isa = PBXSourcesBuildPhase;
			buildActionMask = 2147483647;
			files = (
				65537E021BC5BFAC00362F8C /* PhotoCollectionTests.m in Sources */,
			);
			runOnlyForDeploymentPostprocessing = 0;
		};
		65537E041BC5BFAC00362F8C /* Sources */ = {
			isa = PBXSourcesBuildPhase;
			buildActionMask = 2147483647;
			files = (
				65537E0D1BC5BFAC00362F8C /* PhotoCollectionUITests.m in Sources */,
			);
			runOnlyForDeploymentPostprocessing = 0;
		};
/* End PBXSourcesBuildPhase section */

/* Begin PBXTargetDependency section */
		65537DFF1BC5BFAC00362F8C /* PBXTargetDependency */ = {
			isa = PBXTargetDependency;
			target = 65537DE31BC5BFAB00362F8C /* PhotoCollection */;
			targetProxy = 65537DFE1BC5BFAC00362F8C /* PBXContainerItemProxy */;
		};
		65537E0A1BC5BFAC00362F8C /* PBXTargetDependency */ = {
			isa = PBXTargetDependency;
			target = 65537DE31BC5BFAB00362F8C /* PhotoCollection */;
			targetProxy = 65537E091BC5BFAC00362F8C /* PBXContainerItemProxy */;
		};
/* End PBXTargetDependency section */

/* Begin PBXVariantGroup section */
		65537DF01BC5BFAC00362F8C /* Main.storyboard */ = {
			isa = PBXVariantGroup;
			children = (
				65537DF11BC5BFAC00362F8C /* Base */,
			);
			name = Main.storyboard;
			sourceTree = "<group>";
		};
		65537DF51BC5BFAC00362F8C /* LaunchScreen.storyboard */ = {
			isa = PBXVariantGroup;
			children = (
				65537DF61BC5BFAC00362F8C /* Base */,
			);
			name = LaunchScreen.storyboard;
			sourceTree = "<group>";
		};
/* End PBXVariantGroup section */

/* Begin XCBuildConfiguration section */
		65537E0F1BC5BFAC00362F8C /* Debug */ = {
			isa = XCBuildConfiguration;
			buildSettings = {
				ALWAYS_SEARCH_USER_PATHS = NO;
				CLANG_CXX_LANGUAGE_STANDARD = "gnu++0x";
				CLANG_CXX_LIBRARY = "libc++";
				CLANG_ENABLE_MODULES = YES;
				CLANG_ENABLE_OBJC_ARC = YES;
				CLANG_WARN_BOOL_CONVERSION = YES;
				CLANG_WARN_CONSTANT_CONVERSION = YES;
				CLANG_WARN_DIRECT_OBJC_ISA_USAGE = YES_ERROR;
				CLANG_WARN_EMPTY_BODY = YES;
				CLANG_WARN_ENUM_CONVERSION = YES;
				CLANG_WARN_INT_CONVERSION = YES;
				CLANG_WARN_OBJC_ROOT_CLASS = YES_ERROR;
				CLANG_WARN_UNREACHABLE_CODE = YES;
				CLANG_WARN__DUPLICATE_METHOD_MATCH = YES;
				"CODE_SIGN_IDENTITY[sdk=iphoneos*]" = "iPhone Developer";
				COPY_PHASE_STRIP = NO;
				DEBUG_INFORMATION_FORMAT = dwarf;
				ENABLE_STRICT_OBJC_MSGSEND = YES;
				ENABLE_TESTABILITY = YES;
				GCC_C_LANGUAGE_STANDARD = gnu99;
				GCC_DYNAMIC_NO_PIC = NO;
				GCC_NO_COMMON_BLOCKS = YES;
				GCC_OPTIMIZATION_LEVEL = 0;
				GCC_PREPROCESSOR_DEFINITIONS = (
					"DEBUG=1",
					"$(inherited)",
				);
				GCC_WARN_64_TO_32_BIT_CONVERSION = YES;
				GCC_WARN_ABOUT_RETURN_TYPE = YES_ERROR;
				GCC_WARN_UNDECLARED_SELECTOR = YES;
				GCC_WARN_UNINITIALIZED_AUTOS = YES_AGGRESSIVE;
				GCC_WARN_UNUSED_FUNCTION = YES;
				GCC_WARN_UNUSED_VARIABLE = YES;
				IPHONEOS_DEPLOYMENT_TARGET = 9.0;
				MTL_ENABLE_DEBUG_INFO = YES;
				ONLY_ACTIVE_ARCH = YES;
				SDKROOT = iphoneos;
			};
			name = Debug;
		};
		65537E101BC5BFAC00362F8C /* Release */ = {
			isa = XCBuildConfiguration;
			buildSettings = {
				ALWAYS_SEARCH_USER_PATHS = NO;
				CLANG_CXX_LANGUAGE_STANDARD = "gnu++0x";
				CLANG_CXX_LIBRARY = "libc++";
				CLANG_ENABLE_MODULES = YES;
				CLANG_ENABLE_OBJC_ARC = YES;
				CLANG_WARN_BOOL_CONVERSION = YES;
				CLANG_WARN_CONSTANT_CONVERSION = YES;
				CLANG_WARN_DIRECT_OBJC_ISA_USAGE = YES_ERROR;
				CLANG_WARN_EMPTY_BODY = YES;
				CLANG_WARN_ENUM_CONVERSION = YES;
				CLANG_WARN_INT_CONVERSION = YES;
				CLANG_WARN_OBJC_ROOT_CLASS = YES_ERROR;
				CLANG_WARN_UNREACHABLE_CODE = YES;
				CLANG_WARN__DUPLICATE_METHOD_MATCH = YES;
				"CODE_SIGN_IDENTITY[sdk=iphoneos*]" = "iPhone Developer";
				COPY_PHASE_STRIP = NO;
				DEBUG_INFORMATION_FORMAT = "dwarf-with-dsym";
				ENABLE_NS_ASSERTIONS = NO;
				ENABLE_STRICT_OBJC_MSGSEND = YES;
				GCC_C_LANGUAGE_STANDARD = gnu99;
				GCC_NO_COMMON_BLOCKS = YES;
				GCC_WARN_64_TO_32_BIT_CONVERSION = YES;
				GCC_WARN_ABOUT_RETURN_TYPE = YES_ERROR;
				GCC_WARN_UNDECLARED_SELECTOR = YES;
				GCC_WARN_UNINITIALIZED_AUTOS = YES_AGGRESSIVE;
				GCC_WARN_UNUSED_FUNCTION = YES;
				GCC_WARN_UNUSED_VARIABLE = YES;
				IPHONEOS_DEPLOYMENT_TARGET = 9.0;
				MTL_ENABLE_DEBUG_INFO = NO;
				SDKROOT = iphoneos;
				VALIDATE_PRODUCT = YES;
			};
			name = Release;
		};
		65537E121BC5BFAC00362F8C /* Debug */ = {
			isa = XCBuildConfiguration;
			buildSettings = {
				ASSETCATALOG_COMPILER_APPICON_NAME = AppIcon;
				INFOPLIST_FILE = PhotoCollection/Info.plist;
				LD_RUNPATH_SEARCH_PATHS = "$(inherited) @executable_path/Frameworks";
				PRODUCT_BUNDLE_IDENTIFIER = company.PhotoCollection;
				PRODUCT_NAME = "$(TARGET_NAME)";
			};
			name = Debug;
		};
		65537E131BC5BFAC00362F8C /* Release */ = {
			isa = XCBuildConfiguration;
			buildSettings = {
				ASSETCATALOG_COMPILER_APPICON_NAME = AppIcon;
				INFOPLIST_FILE = PhotoCollection/Info.plist;
				LD_RUNPATH_SEARCH_PATHS = "$(inherited) @executable_path/Frameworks";
				PRODUCT_BUNDLE_IDENTIFIER = company.PhotoCollection;
				PRODUCT_NAME = "$(TARGET_NAME)";
			};
			name = Release;
		};
		65537E151BC5BFAC00362F8C /* Debug */ = {
			isa = XCBuildConfiguration;
			buildSettings = {
				BUNDLE_LOADER = "$(TEST_HOST)";
				INFOPLIST_FILE = PhotoCollectionTests/Info.plist;
				LD_RUNPATH_SEARCH_PATHS = "$(inherited) @executable_path/Frameworks @loader_path/Frameworks";
				PRODUCT_BUNDLE_IDENTIFIER = company.PhotoCollectionTests;
				PRODUCT_NAME = "$(TARGET_NAME)";
				TEST_HOST = "$(BUILT_PRODUCTS_DIR)/PhotoCollection.app/PhotoCollection";
			};
			name = Debug;
		};
		65537E161BC5BFAC00362F8C /* Release */ = {
			isa = XCBuildConfiguration;
			buildSettings = {
				BUNDLE_LOADER = "$(TEST_HOST)";
				INFOPLIST_FILE = PhotoCollectionTests/Info.plist;
				LD_RUNPATH_SEARCH_PATHS = "$(inherited) @executable_path/Frameworks @loader_path/Frameworks";
				PRODUCT_BUNDLE_IDENTIFIER = company.PhotoCollectionTests;
				PRODUCT_NAME = "$(TARGET_NAME)";
				TEST_HOST = "$(BUILT_PRODUCTS_DIR)/PhotoCollection.app/PhotoCollection";
			};
			name = Release;
		};
		65537E181BC5BFAC00362F8C /* Debug */ = {
			isa = XCBuildConfiguration;
			buildSettings = {
				INFOPLIST_FILE = PhotoCollectionUITests/Info.plist;
				LD_RUNPATH_SEARCH_PATHS = "$(inherited) @executable_path/Frameworks @loader_path/Frameworks";
				PRODUCT_BUNDLE_IDENTIFIER = company.PhotoCollectionUITests;
				PRODUCT_NAME = "$(TARGET_NAME)";
				TEST_TARGET_NAME = PhotoCollection;
				USES_XCTRUNNER = YES;
			};
			name = Debug;
		};
		65537E191BC5BFAC00362F8C /* Release */ = {
			isa = XCBuildConfiguration;
			buildSettings = {
				INFOPLIST_FILE = PhotoCollectionUITests/Info.plist;
				LD_RUNPATH_SEARCH_PATHS = "$(inherited) @executable_path/Frameworks @loader_path/Frameworks";
				PRODUCT_BUNDLE_IDENTIFIER = company.PhotoCollectionUITests;
				PRODUCT_NAME = "$(TARGET_NAME)";
				TEST_TARGET_NAME = PhotoCollection;
				USES_XCTRUNNER = YES;
			};
			name = Release;
		};
/* End XCBuildConfiguration section */

/* Begin XCConfigurationList section */
		65537DDF1BC5BFAB00362F8C /* Build configuration list for PBXProject "PhotoCollection" */ = {
			isa = XCConfigurationList;
			buildConfigurations = (
				65537E0F1BC5BFAC00362F8C /* Debug */,
				65537E101BC5BFAC00362F8C /* Release */,
			);
			defaultConfigurationIsVisible = 0;
			defaultConfigurationName = Release;
		};
		65537E111BC5BFAC00362F8C /* Build configuration list for PBXNativeTarget "PhotoCollection" */ = {
			isa = XCConfigurationList;
			buildConfigurations = (
				65537E121BC5BFAC00362F8C /* Debug */,
				65537E131BC5BFAC00362F8C /* Release */,
			);
			defaultConfigurationIsVisible = 0;
		};
		65537E141BC5BFAC00362F8C /* Build configuration list for PBXNativeTarget "PhotoCollectionTests" */ = {
			isa = XCConfigurationList;
			buildConfigurations = (
				65537E151BC5BFAC00362F8C /* Debug */,
				65537E161BC5BFAC00362F8C /* Release */,
			);
			defaultConfigurationIsVisible = 0;
		};
		65537E171BC5BFAC00362F8C /* Build configuration list for PBXNativeTarget "PhotoCollectionUITests" */ = {
			isa = XCConfigurationList;
			buildConfigurations = (
				65537E181BC5BFAC00362F8C /* Debug */,
				65537E191BC5BFAC00362F8C /* Release */,
			);
			defaultConfigurationIsVisible = 0;
		};
/* End XCConfigurationList section */
	};
	rootObject = 65537DDC1BC5BFAB00362F8C /* Project object */;
}
